
Microsoft Visual Studio Solution File, Format Version 12.00
# Visual Studio 15
VisualStudioVersion = 15.0.26124.0
MinimumVisualStudioVersion = 15.0.26124.0
Project("{FAE04EC0-301F-11D3-BF4B-00C04F79EFBC}") = "FizzBuzzRight.Tests", "FizzBuzzRight.Tests\FizzBuzzRight.Tests.csproj", "{45E00551-1077-483D-AF52-5E6298A2818D}"
EndProject
Project("{FAE04EC0-301F-11D3-BF4B-00C04F79EFBC}") = "FizzBuzzRight.Console", "FizzBuzzRight.Console\FizzBuzzRight.Console.csproj", "{4E9E3516-AB69-4271-86A3-C460253A6EC8}"
EndProject
Global
	GlobalSection(SolutionConfigurationPlatforms) = preSolution
		Debug|Any CPU = Debug|Any CPU
		Debug|x64 = Debug|x64
		Debug|x86 = Debug|x86
		Release|Any CPU = Release|Any CPU
		Release|x64 = Release|x64
		Release|x86 = Release|x86
	EndGlobalSection
	GlobalSection(SolutionProperties) = preSolution
		HideSolutionNode = FALSE
	EndGlobalSection
	GlobalSection(ProjectConfigurationPlatforms) = postSolution
		{45E00551-1077-483D-AF52-5E6298A2818D}.Debug|Any CPU.ActiveCfg = Debug|Any CPU
		{45E00551-1077-483D-AF52-5E6298A2818D}.Debug|Any CPU.Build.0 = Debug|Any CPU
		{45E00551-1077-483D-AF52-5E6298A2818D}.Debug|x64.ActiveCfg = Debug|Any CPU
		{45E00551-1077-483D-AF52-5E6298A2818D}.Debug|x64.Build.0 = Debug|Any CPU
		{45E00551-1077-483D-AF52-5E6298A2818D}.Debug|x86.ActiveCfg = Debug|Any CPU
		{45E00551-1077-483D-AF52-5E6298A2818D}.Debug|x86.Build.0 = Debug|Any CPU
		{45E00551-1077-483D-AF52-5E6298A2818D}.Release|Any CPU.ActiveCfg = Release|Any CPU
		{45E00551-1077-483D-AF52-5E6298A2818D}.Release|Any CPU.Build.0 = Release|Any CPU
		{45E00551-1077-483D-AF52-5E6298A2818D}.Release|x64.ActiveCfg = Release|Any CPU
		{45E00551-1077-483D-AF52-5E6298A2818D}.Release|x64.Build.0 = Release|Any CPU
		{45E00551-1077-483D-AF52-5E6298A2818D}.Release|x86.ActiveCfg = Release|Any CPU
		{45E00551-1077-483D-AF52-5E6298A2818D}.Release|x86.Build.0 = Release|Any CPU
		{4E9E3516-AB69-4271-86A3-C460253A6EC8}.Debug|Any CPU.ActiveCfg = Debug|Any CPU
		{4E9E3516-AB69-4271-86A3-C460253A6EC8}.Debug|Any CPU.Build.0 = Debug|Any CPU
		{4E9E3516-AB69-4271-86A3-C460253A6EC8}.Debug|x64.ActiveCfg = Debug|Any CPU
		{4E9E3516-AB69-4271-86A3-C460253A6EC8}.Debug|x64.Build.0 = Debug|Any CPU
		{4E9E3516-AB69-4271-86A3-C460253A6EC8}.Debug|x86.ActiveCfg = Debug|Any CPU
		{4E9E3516-AB69-4271-86A3-C460253A6EC8}.Debug|x86.Build.0 = Debug|Any CPU
		{4E9E3516-AB69-4271-86A3-C460253A6EC8}.Release|Any CPU.ActiveCfg = Release|Any CPU
		{4E9E3516-AB69-4271-86A3-C460253A6EC8}.Release|Any CPU.Build.0 = Release|Any CPU
		{4E9E3516-AB69-4271-86A3-C460253A6EC8}.Release|x64.ActiveCfg = Release|Any CPU
		{4E9E3516-AB69-4271-86A3-C460253A6EC8}.Release|x64.Build.0 = Release|Any CPU
		{4E9E3516-AB69-4271-86A3-C460253A6EC8}.Release|x86.ActiveCfg = Release|Any CPU
		{4E9E3516-AB69-4271-86A3-C460253A6EC8}.Release|x86.Build.0 = Release|Any CPU
	EndGlobalSection
EndGlobal
